
Microsoft Visual Studio Solution File, Format Version 12.00
# Visual Studio Version 17
VisualStudioVersion = 17.10.35122.118
MinimumVisualStudioVersion = 10.0.40219.1
Project("{8BC9CEB8-8B4A-11D0-8D11-00A0C91BC942}") = "Vending machine new", "Vending machine new\Vending machine new.vcxproj", "{CE281950-2F0F-437C-BA6F-1B2B456953DE}"
EndProject
Global
	GlobalSection(SolutionConfigurationPlatforms) = preSolution
		Debug|x64 = Debug|x64
		Debug|x86 = Debug|x86
		Release|x64 = Release|x64
		Release|x86 = Release|x86
	EndGlobalSection
	GlobalSection(ProjectConfigurationPlatforms) = postSolution
		{CE281950-2F0F-437C-BA6F-1B2B456953DE}.Debug|x64.ActiveCfg = Debug|x64
		{CE281950-2F0F-437C-BA6F-1B2B456953DE}.Debug|x64.Build.0 = Debug|x64
		{CE281950-2F0F-437C-BA6F-1B2B456953DE}.Debug|x86.ActiveCfg = Debug|Win32
		{CE281950-2F0F-437C-BA6F-1B2B456953DE}.Debug|x86.Build.0 = Debug|Win32
		{CE281950-2F0F-437C-BA6F-1B2B456953DE}.Release|x64.ActiveCfg = Release|x64
		{CE281950-2F0F-437C-BA6F-1B2B456953DE}.Release|x64.Build.0 = Release|x64
		{CE281950-2F0F-437C-BA6F-1B2B456953DE}.Release|x86.ActiveCfg = Release|Win32
		{CE281950-2F0F-437C-BA6F-1B2B456953DE}.Release|x86.Build.0 = Release|Win32
	EndGlobalSection
	GlobalSection(SolutionProperties) = preSolution
		HideSolutionNode = FALSE
	EndGlobalSection
	GlobalSection(ExtensibilityGlobals) = postSolution
		SolutionGuid = {01DB34AC-1102-4B33-B15E-7D08313DFD12}
	EndGlobalSection
EndGlobal
